// !$*UTF8*$!
{
	archiveVersion = 1;
	classes = {
	};
	objectVersion = 56;
	objects = {

/* Begin PBXBuildFile section */
		DAEDAE2E29CDBFC300660232 /* AppDelegate.swift in Sources */ = {isa = PBXBuildFile; fileRef = DAEDAE2D29CDBFC300660232 /* AppDelegate.swift */; };
		DAEDAE3029CDBFC300660232 /* SceneDelegate.swift in Sources */ = {isa = PBXBuildFile; fileRef = DAEDAE2F29CDBFC300660232 /* SceneDelegate.swift */; };
		DAEDAE3229CDBFC300660232 /* ViewController.swift in Sources */ = {isa = PBXBuildFile; fileRef = DAEDAE3129CDBFC300660232 /* ViewController.swift */; };
		DAEDAE3529CDBFC300660232 /* Main.storyboard in Resources */ = {isa = PBXBuildFile; fileRef = DAEDAE3329CDBFC300660232 /* Main.storyboard */; };
		DAEDAE3729CDBFC500660232 /* Assets.xcassets in Resources */ = {isa = PBXBuildFile; fileRef = DAEDAE3629CDBFC500660232 /* Assets.xcassets */; };
		DAEDAE3A29CDBFC500660232 /* LaunchScreen.storyboard in Resources */ = {isa = PBXBuildFile; fileRef = DAEDAE3829CDBFC500660232 /* LaunchScreen.storyboard */; };
		DAEDAE4529CDBFC600660232 /* mapsTests.swift in Sources */ = {isa = PBXBuildFile; fileRef = DAEDAE4429CDBFC600660232 /* mapsTests.swift */; };
		DAEDAE4F29CDBFC600660232 /* mapsUITests.swift in Sources */ = {isa = PBXBuildFile; fileRef = DAEDAE4E29CDBFC600660232 /* mapsUITests.swift */; };
		DAEDAE5129CDBFC600660232 /* mapsUITestsLaunchTests.swift in Sources */ = {isa = PBXBuildFile; fileRef = DAEDAE5029CDBFC600660232 /* mapsUITestsLaunchTests.swift */; };
/* End PBXBuildFile section */

/* Begin PBXContainerItemProxy section */
		DAEDAE4129CDBFC600660232 /* PBXContainerItemProxy */ = {
			isa = PBXContainerItemProxy;
			containerPortal = DAEDAE2229CDBFC300660232 /* Project object */;
			proxyType = 1;
			remoteGlobalIDString = DAEDAE2929CDBFC300660232;
			remoteInfo = maps;
		};
		DAEDAE4B29CDBFC600660232 /* PBXContainerItemProxy */ = {
			isa = PBXContainerItemProxy;
			containerPortal = DAEDAE2229CDBFC300660232 /* Project object */;
			proxyType = 1;
			remoteGlobalIDString = DAEDAE2929CDBFC300660232;
			remoteInfo = maps;
		};
/* End PBXContainerItemProxy section */

/* Begin PBXFileReference section */
		DAEDAE2A29CDBFC300660232 /* maps.app */ = {isa = PBXFileReference; explicitFileType = wrapper.application; includeInIndex = 0; path = maps.app; sourceTree = BUILT_PRODUCTS_DIR; };
		DAEDAE2D29CDBFC300660232 /* AppDelegate.swift */ = {isa = PBXFileReference; lastKnownFileType = sourcecode.swift; path = AppDelegate.swift; sourceTree = "<group>"; };
		DAEDAE2F29CDBFC300660232 /* SceneDelegate.swift */ = {isa = PBXFileReference; lastKnownFileType = sourcecode.swift; path = SceneDelegate.swift; sourceTree = "<group>"; };
		DAEDAE3129CDBFC300660232 /* ViewController.swift */ = {isa = PBXFileReference; lastKnownFileType = sourcecode.swift; path = ViewController.swift; sourceTree = "<group>"; };
		DAEDAE3429CDBFC300660232 /* Base */ = {isa = PBXFileReference; lastKnownFileType = file.storyboard; name = Base; path = Base.lproj/Main.storyboard; sourceTree = "<group>"; };
		DAEDAE3629CDBFC500660232 /* Assets.xcassets */ = {isa = PBXFileReference; lastKnownFileType = folder.assetcatalog; path = Assets.xcassets; sourceTree = "<group>"; };
		DAEDAE3929CDBFC500660232 /* Base */ = {isa = PBXFileReference; lastKnownFileType = file.storyboard; name = Base; path = Base.lproj/LaunchScreen.storyboard; sourceTree = "<group>"; };
		DAEDAE3B29CDBFC500660232 /* Info.plist */ = {isa = PBXFileReference; lastKnownFileType = text.plist.xml; path = Info.plist; sourceTree = "<group>"; };
		DAEDAE4029CDBFC600660232 /* mapsTests.xctest */ = {isa = PBXFileReference; explicitFileType = wrapper.cfbundle; includeInIndex = 0; path = mapsTests.xctest; sourceTree = BUILT_PRODUCTS_DIR; };
		DAEDAE4429CDBFC600660232 /* mapsTests.swift */ = {isa = PBXFileReference; lastKnownFileType = sourcecode.swift; path = mapsTests.swift; sourceTree = "<group>"; };
		DAEDAE4A29CDBFC600660232 /* mapsUITests.xctest */ = {isa = PBXFileReference; explicitFileType = wrapper.cfbundle; includeInIndex = 0; path = mapsUITests.xctest; sourceTree = BUILT_PRODUCTS_DIR; };
		DAEDAE4E29CDBFC600660232 /* mapsUITests.swift */ = {isa = PBXFileReference; lastKnownFileType = sourcecode.swift; path = mapsUITests.swift; sourceTree = "<group>"; };
		DAEDAE5029CDBFC600660232 /* mapsUITestsLaunchTests.swift */ = {isa = PBXFileReference; lastKnownFileType = sourcecode.swift; path = mapsUITestsLaunchTests.swift; sourceTree = "<group>"; };
/* End PBXFileReference section */

/* Begin PBXFrameworksBuildPhase section */
		DAEDAE2729CDBFC300660232 /* Frameworks */ = {
			isa = PBXFrameworksBuildPhase;
			buildActionMask = 2147483647;
			files = (
			);
			runOnlyForDeploymentPostprocessing = 0;
		};
		DAEDAE3D29CDBFC600660232 /* Frameworks */ = {
			isa = PBXFrameworksBuildPhase;
			buildActionMask = 2147483647;
			files = (
			);
			runOnlyForDeploymentPostprocessing = 0;
		};
		DAEDAE4729CDBFC600660232 /* Frameworks */ = {
			isa = PBXFrameworksBuildPhase;
			buildActionMask = 2147483647;
			files = (
			);
			runOnlyForDeploymentPostprocessing = 0;
		};
/* End PBXFrameworksBuildPhase section */

/* Begin PBXGroup section */
		DAEDAE2129CDBFC300660232 = {
			isa = PBXGroup;
			children = (
				DAEDAE2C29CDBFC300660232 /* maps */,
				DAEDAE4329CDBFC600660232 /* mapsTests */,
				DAEDAE4D29CDBFC600660232 /* mapsUITests */,
				DAEDAE2B29CDBFC300660232 /* Products */,
			);
			sourceTree = "<group>";
		};
		DAEDAE2B29CDBFC300660232 /* Products */ = {
			isa = PBXGroup;
			children = (
				DAEDAE2A29CDBFC300660232 /* maps.app */,
				DAEDAE4029CDBFC600660232 /* mapsTests.xctest */,
				DAEDAE4A29CDBFC600660232 /* mapsUITests.xctest */,
			);
			name = Products;
			sourceTree = "<group>";
		};
		DAEDAE2C29CDBFC300660232 /* maps */ = {
			isa = PBXGroup;
			children = (
				DAEDAE2D29CDBFC300660232 /* AppDelegate.swift */,
				DAEDAE2F29CDBFC300660232 /* SceneDelegate.swift */,
				DAEDAE3129CDBFC300660232 /* ViewController.swift */,
				DAEDAE3329CDBFC300660232 /* Main.storyboard */,
				DAEDAE3629CDBFC500660232 /* Assets.xcassets */,
				DAEDAE3829CDBFC500660232 /* LaunchScreen.storyboard */,
				DAEDAE3B29CDBFC500660232 /* Info.plist */,
			);
			path = maps;
			sourceTree = "<group>";
		};
		DAEDAE4329CDBFC600660232 /* mapsTests */ = {
			isa = PBXGroup;
			children = (
				DAEDAE4429CDBFC600660232 /* mapsTests.swift */,
			);
			path = mapsTests;
			sourceTree = "<group>";
		};
		DAEDAE4D29CDBFC600660232 /* mapsUITests */ = {
			isa = PBXGroup;
			children = (
				DAEDAE4E29CDBFC600660232 /* mapsUITests.swift */,
				DAEDAE5029CDBFC600660232 /* mapsUITestsLaunchTests.swift */,
			);
			path = mapsUITests;
			sourceTree = "<group>";
		};
/* End PBXGroup section */

/* Begin PBXNativeTarget section */
		DAEDAE2929CDBFC300660232 /* maps */ = {
			isa = PBXNativeTarget;
			buildConfigurationList = DAEDAE5429CDBFC600660232 /* Build configuration list for PBXNativeTarget "maps" */;
			buildPhases = (
				DAEDAE2629CDBFC300660232 /* Sources */,
				DAEDAE2729CDBFC300660232 /* Frameworks */,
				DAEDAE2829CDBFC300660232 /* Resources */,
			);
			buildRules = (
			);
			dependencies = (
			);
			name = maps;
			productName = maps;
			productReference = DAEDAE2A29CDBFC300660232 /* maps.app */;
			productType = "com.apple.product-type.application";
		};
		DAEDAE3F29CDBFC600660232 /* mapsTests */ = {
			isa = PBXNativeTarget;
			buildConfigurationList = DAEDAE5729CDBFC600660232 /* Build configuration list for PBXNativeTarget "mapsTests" */;
			buildPhases = (
				DAEDAE3C29CDBFC600660232 /* Sources */,
				DAEDAE3D29CDBFC600660232 /* Frameworks */,
				DAEDAE3E29CDBFC600660232 /* Resources */,
			);
			buildRules = (
			);
			dependencies = (
				DAEDAE4229CDBFC600660232 /* PBXTargetDependency */,
			);
			name = mapsTests;
			productName = mapsTests;
			productReference = DAEDAE4029CDBFC600660232 /* mapsTests.xctest */;
			productType = "com.apple.product-type.bundle.unit-test";
		};
		DAEDAE4929CDBFC600660232 /* mapsUITests */ = {
			isa = PBXNativeTarget;
			buildConfigurationList = DAEDAE5A29CDBFC600660232 /* Build configuration list for PBXNativeTarget "mapsUITests" */;
			buildPhases = (
				DAEDAE4629CDBFC600660232 /* Sources */,
				DAEDAE4729CDBFC600660232 /* Frameworks */,
				DAEDAE4829CDBFC600660232 /* Resources */,
			);
			buildRules = (
			);
			dependencies = (
				DAEDAE4C29CDBFC600660232 /* PBXTargetDependency */,
			);
			name = mapsUITests;
			productName = mapsUITests;
			productReference = DAEDAE4A29CDBFC600660232 /* mapsUITests.xctest */;
			productType = "com.apple.product-type.bundle.ui-testing";
		};
/* End PBXNativeTarget section */

/* Begin PBXProject section */
		DAEDAE2229CDBFC300660232 /* Project object */ = {
			isa = PBXProject;
			attributes = {
				BuildIndependentTargetsInParallel = 1;
				LastSwiftUpdateCheck = 1420;
				LastUpgradeCheck = 1420;
				TargetAttributes = {
					DAEDAE2929CDBFC300660232 = {
						CreatedOnToolsVersion = 14.2;
					};
					DAEDAE3F29CDBFC600660232 = {
						CreatedOnToolsVersion = 14.2;
						TestTargetID = DAEDAE2929CDBFC300660232;
					};
					DAEDAE4929CDBFC600660232 = {
						CreatedOnToolsVersion = 14.2;
						TestTargetID = DAEDAE2929CDBFC300660232;
					};
				};
			};
			buildConfigurationList = DAEDAE2529CDBFC300660232 /* Build configuration list for PBXProject "maps" */;
			compatibilityVersion = "Xcode 14.0";
			developmentRegion = en;
			hasScannedForEncodings = 0;
			knownRegions = (
				en,
				Base,
			);
			mainGroup = DAEDAE2129CDBFC300660232;
			productRefGroup = DAEDAE2B29CDBFC300660232 /* Products */;
			projectDirPath = "";
			projectRoot = "";
			targets = (
				DAEDAE2929CDBFC300660232 /* maps */,
				DAEDAE3F29CDBFC600660232 /* mapsTests */,
				DAEDAE4929CDBFC600660232 /* mapsUITests */,
			);
		};
/* End PBXProject section */

/* Begin PBXResourcesBuildPhase section */
		DAEDAE2829CDBFC300660232 /* Resources */ = {
			isa = PBXResourcesBuildPhase;
			buildActionMask = 2147483647;
			files = (
				DAEDAE3A29CDBFC500660232 /* LaunchScreen.storyboard in Resources */,
				DAEDAE3729CDBFC500660232 /* Assets.xcassets in Resources */,
				DAEDAE3529CDBFC300660232 /* Main.storyboard in Resources */,
			);
			runOnlyForDeploymentPostprocessing = 0;
		};
		DAEDAE3E29CDBFC600660232 /* Resources */ = {
			isa = PBXResourcesBuildPhase;
			buildActionMask = 2147483647;
			files = (
			);
			runOnlyForDeploymentPostprocessing = 0;
		};
		DAEDAE4829CDBFC600660232 /* Resources */ = {
			isa = PBXResourcesBuildPhase;
			buildActionMask = 2147483647;
			files = (
			);
			runOnlyForDeploymentPostprocessing = 0;
		};
/* End PBXResourcesBuildPhase section */

/* Begin PBXSourcesBuildPhase section */
		DAEDAE2629CDBFC300660232 /* Sources */ = {
			isa = PBXSourcesBuildPhase;
			buildActionMask = 2147483647;
			files = (
				DAEDAE3229CDBFC300660232 /* ViewController.swift in Sources */,
				DAEDAE2E29CDBFC300660232 /* AppDelegate.swift in Sources */,
				DAEDAE3029CDBFC300660232 /* SceneDelegate.swift in Sources */,
			);
			runOnlyForDeploymentPostprocessing = 0;
		};
		DAEDAE3C29CDBFC600660232 /* Sources */ = {
			isa = PBXSourcesBuildPhase;
			buildActionMask = 2147483647;
			files = (
				DAEDAE4529CDBFC600660232 /* mapsTests.swift in Sources */,
			);
			runOnlyForDeploymentPostprocessing = 0;
		};
		DAEDAE4629CDBFC600660232 /* Sources */ = {
			isa = PBXSourcesBuildPhase;
			buildActionMask = 2147483647;
			files = (
				DAEDAE4F29CDBFC600660232 /* mapsUITests.swift in Sources */,
				DAEDAE5129CDBFC600660232 /* mapsUITestsLaunchTests.swift in Sources */,
			);
			runOnlyForDeploymentPostprocessing = 0;
		};
/* End PBXSourcesBuildPhase section */

/* Begin PBXTargetDependency section */
		DAEDAE4229CDBFC600660232 /* PBXTargetDependency */ = {
			isa = PBXTargetDependency;
			target = DAEDAE2929CDBFC300660232 /* maps */;
			targetProxy = DAEDAE4129CDBFC600660232 /* PBXContainerItemProxy */;
		};
		DAEDAE4C29CDBFC600660232 /* PBXTargetDependency */ = {
			isa = PBXTargetDependency;
			target = DAEDAE2929CDBFC300660232 /* maps */;
			targetProxy = DAEDAE4B29CDBFC600660232 /* PBXContainerItemProxy */;
		};
/* End PBXTargetDependency section */

/* Begin PBXVariantGroup section */
		DAEDAE3329CDBFC300660232 /* Main.storyboard */ = {
			isa = PBXVariantGroup;
			children = (
				DAEDAE3429CDBFC300660232 /* Base */,
			);
			name = Main.storyboard;
			sourceTree = "<group>";
		};
		DAEDAE3829CDBFC500660232 /* LaunchScreen.storyboard */ = {
			isa = PBXVariantGroup;
			children = (
				DAEDAE3929CDBFC500660232 /* Base */,
			);
			name = LaunchScreen.storyboard;
			sourceTree = "<group>";
		};
/* End PBXVariantGroup section */

/* Begin XCBuildConfiguration section */
		DAEDAE5229CDBFC600660232 /* Debug */ = {
			isa = XCBuildConfiguration;
			buildSettings = {
				ALWAYS_SEARCH_USER_PATHS = NO;
				CLANG_ANALYZER_NONNULL = YES;
				CLANG_ANALYZER_NUMBER_OBJECT_CONVERSION = YES_AGGRESSIVE;
				CLANG_CXX_LANGUAGE_STANDARD = "gnu++20";
				CLANG_ENABLE_MODULES = YES;
				CLANG_ENABLE_OBJC_ARC = YES;
				CLANG_ENABLE_OBJC_WEAK = YES;
				CLANG_WARN_BLOCK_CAPTURE_AUTORELEASING = YES;
				CLANG_WARN_BOOL_CONVERSION = YES;
				CLANG_WARN_COMMA = YES;
				CLANG_WARN_CONSTANT_CONVERSION = YES;
				CLANG_WARN_DEPRECATED_OBJC_IMPLEMENTATIONS = YES;
				CLANG_WARN_DIRECT_OBJC_ISA_USAGE = YES_ERROR;
				CLANG_WARN_DOCUMENTATION_COMMENTS = YES;
				CLANG_WARN_EMPTY_BODY = YES;
				CLANG_WARN_ENUM_CONVERSION = YES;
				CLANG_WARN_INFINITE_RECURSION = YES;
				CLANG_WARN_INT_CONVERSION = YES;
				CLANG_WARN_NON_LITERAL_NULL_CONVERSION = YES;
				CLANG_WARN_OBJC_IMPLICIT_RETAIN_SELF = YES;
				CLANG_WARN_OBJC_LITERAL_CONVERSION = YES;
				CLANG_WARN_OBJC_ROOT_CLASS = YES_ERROR;
				CLANG_WARN_QUOTED_INCLUDE_IN_FRAMEWORK_HEADER = YES;
				CLANG_WARN_RANGE_LOOP_ANALYSIS = YES;
				CLANG_WARN_STRICT_PROTOTYPES = YES;
				CLANG_WARN_SUSPICIOUS_MOVE = YES;
				CLANG_WARN_UNGUARDED_AVAILABILITY = YES_AGGRESSIVE;
				CLANG_WARN_UNREACHABLE_CODE = YES;
				CLANG_WARN__DUPLICATE_METHOD_MATCH = YES;
				COPY_PHASE_STRIP = NO;
				DEBUG_INFORMATION_FORMAT = dwarf;
				ENABLE_STRICT_OBJC_MSGSEND = YES;
				ENABLE_TESTABILITY = YES;
				GCC_C_LANGUAGE_STANDARD = gnu11;
				GCC_DYNAMIC_NO_PIC = NO;
				GCC_NO_COMMON_BLOCKS = YES;
				GCC_OPTIMIZATION_LEVEL = 0;
				GCC_PREPROCESSOR_DEFINITIONS = (
					"DEBUG=1",
					"$(inherited)",
				);
				GCC_WARN_64_TO_32_BIT_CONVERSION = YES;
				GCC_WARN_ABOUT_RETURN_TYPE = YES_ERROR;
				GCC_WARN_UNDECLARED_SELECTOR = YES;
				GCC_WARN_UNINITIALIZED_AUTOS = YES_AGGRESSIVE;
				GCC_WARN_UNUSED_FUNCTION = YES;
				GCC_WARN_UNUSED_VARIABLE = YES;
				IPHONEOS_DEPLOYMENT_TARGET = 16.2;
				MTL_ENABLE_DEBUG_INFO = INCLUDE_SOURCE;
				MTL_FAST_MATH = YES;
				ONLY_ACTIVE_ARCH = YES;
				SDKROOT = iphoneos;
				SWIFT_ACTIVE_COMPILATION_CONDITIONS = DEBUG;
				SWIFT_OPTIMIZATION_LEVEL = "-Onone";
			};
			name = Debug;
		};
		DAEDAE5329CDBFC600660232 /* Release */ = {
			isa = XCBuildConfiguration;
			buildSettings = {
				ALWAYS_SEARCH_USER_PATHS = NO;
				CLANG_ANALYZER_NONNULL = YES;
				CLANG_ANALYZER_NUMBER_OBJECT_CONVERSION = YES_AGGRESSIVE;
				CLANG_CXX_LANGUAGE_STANDARD = "gnu++20";
				CLANG_ENABLE_MODULES = YES;
				CLANG_ENABLE_OBJC_ARC = YES;
				CLANG_ENABLE_OBJC_WEAK = YES;
				CLANG_WARN_BLOCK_CAPTURE_AUTORELEASING = YES;
				CLANG_WARN_BOOL_CONVERSION = YES;
				CLANG_WARN_COMMA = YES;
				CLANG_WARN_CONSTANT_CONVERSION = YES;
				CLANG_WARN_DEPRECATED_OBJC_IMPLEMENTATIONS = YES;
				CLANG_WARN_DIRECT_OBJC_ISA_USAGE = YES_ERROR;
				CLANG_WARN_DOCUMENTATION_COMMENTS = YES;
				CLANG_WARN_EMPTY_BODY = YES;
				CLANG_WARN_ENUM_CONVERSION = YES;
				CLANG_WARN_INFINITE_RECURSION = YES;
				CLANG_WARN_INT_CONVERSION = YES;
				CLANG_WARN_NON_LITERAL_NULL_CONVERSION = YES;
				CLANG_WARN_OBJC_IMPLICIT_RETAIN_SELF = YES;
				CLANG_WARN_OBJC_LITERAL_CONVERSION = YES;
				CLANG_WARN_OBJC_ROOT_CLASS = YES_ERROR;
				CLANG_WARN_QUOTED_INCLUDE_IN_FRAMEWORK_HEADER = YES;
				CLANG_WARN_RANGE_LOOP_ANALYSIS = YES;
				CLANG_WARN_STRICT_PROTOTYPES = YES;
				CLANG_WARN_SUSPICIOUS_MOVE = YES;
				CLANG_WARN_UNGUARDED_AVAILABILITY = YES_AGGRESSIVE;
				CLANG_WARN_UNREACHABLE_CODE = YES;
				CLANG_WARN__DUPLICATE_METHOD_MATCH = YES;
				COPY_PHASE_STRIP = NO;
				DEBUG_INFORMATION_FORMAT = "dwarf-with-dsym";
				ENABLE_NS_ASSERTIONS = NO;
				ENABLE_STRICT_OBJC_MSGSEND = YES;
				GCC_C_LANGUAGE_STANDARD = gnu11;
				GCC_NO_COMMON_BLOCKS = YES;
				GCC_WARN_64_TO_32_BIT_CONVERSION = YES;
				GCC_WARN_ABOUT_RETURN_TYPE = YES_ERROR;
				GCC_WARN_UNDECLARED_SELECTOR = YES;
				GCC_WARN_UNINITIALIZED_AUTOS = YES_AGGRESSIVE;
				GCC_WARN_UNUSED_FUNCTION = YES;
				GCC_WARN_UNUSED_VARIABLE = YES;
				IPHONEOS_DEPLOYMENT_TARGET = 16.2;
				MTL_ENABLE_DEBUG_INFO = NO;
				MTL_FAST_MATH = YES;
				SDKROOT = iphoneos;
				SWIFT_COMPILATION_MODE = wholemodule;
				SWIFT_OPTIMIZATION_LEVEL = "-O";
				VALIDATE_PRODUCT = YES;
			};
			name = Release;
		};
		DAEDAE5529CDBFC600660232 /* Debug */ = {
			isa = XCBuildConfiguration;
			buildSettings = {
				ASSETCATALOG_COMPILER_APPICON_NAME = AppIcon;
				ASSETCATALOG_COMPILER_GLOBAL_ACCENT_COLOR_NAME = AccentColor;
				CODE_SIGN_STYLE = Automatic;
				CURRENT_PROJECT_VERSION = 1;
				DEVELOPMENT_TEAM = CPYJ26A84U;
				GENERATE_INFOPLIST_FILE = YES;
				INFOPLIST_FILE = maps/Info.plist;
				INFOPLIST_KEY_UIApplicationSupportsIndirectInputEvents = YES;
				INFOPLIST_KEY_UILaunchStoryboardName = LaunchScreen;
				INFOPLIST_KEY_UIMainStoryboardFile = Main;
				INFOPLIST_KEY_UISupportedInterfaceOrientations_iPad = "UIInterfaceOrientationPortrait UIInterfaceOrientationPortraitUpsideDown UIInterfaceOrientationLandscapeLeft UIInterfaceOrientationLandscapeRight";
				INFOPLIST_KEY_UISupportedInterfaceOrientations_iPhone = "UIInterfaceOrientationPortrait UIInterfaceOrientationLandscapeLeft UIInterfaceOrientationLandscapeRight";
				IPHONEOS_DEPLOYMENT_TARGET = 15.6;
				LD_RUNPATH_SEARCH_PATHS = (
					"$(inherited)",
					"@executable_path/Frameworks",
				);
				MARKETING_VERSION = 1.0;
				PRODUCT_BUNDLE_IDENTIFIER = pb.maps;
				PRODUCT_NAME = "$(TARGET_NAME)";
				SWIFT_EMIT_LOC_STRINGS = YES;
				SWIFT_VERSION = 5.0;
				TARGETED_DEVICE_FAMILY = "1,2";
			};
			name = Debug;
		};
		DAEDAE5629CDBFC600660232 /* Release */ = {
			isa = XCBuildConfiguration;
			buildSettings = {
				ASSETCATALOG_COMPILER_APPICON_NAME = AppIcon;
				ASSETCATALOG_COMPILER_GLOBAL_ACCENT_COLOR_NAME = AccentColor;
				CODE_SIGN_STYLE = Automatic;
				CURRENT_PROJECT_VERSION = 1;
				DEVELOPMENT_TEAM = CPYJ26A84U;
				GENERATE_INFOPLIST_FILE = YES;
				INFOPLIST_FILE = maps/Info.plist;
				INFOPLIST_KEY_UIApplicationSupportsIndirectInputEvents = YES;
				INFOPLIST_KEY_UILaunchStoryboardName = LaunchScreen;
				INFOPLIST_KEY_UIMainStoryboardFile = Main;
				INFOPLIST_KEY_UISupportedInterfaceOrientations_iPad = "UIInterfaceOrientationPortrait UIInterfaceOrientationPortraitUpsideDown UIInterfaceOrientationLandscapeLeft UIInterfaceOrientationLandscapeRight";
				INFOPLIST_KEY_UISupportedInterfaceOrientations_iPhone = "UIInterfaceOrientationPortrait UIInterfaceOrientationLandscapeLeft UIInterfaceOrientationLandscapeRight";
				IPHONEOS_DEPLOYMENT_TARGET = 15.6;
				LD_RUNPATH_SEARCH_PATHS = (
					"$(inherited)",
					"@executable_path/Frameworks",
				);
				MARKETING_VERSION = 1.0;
				PRODUCT_BUNDLE_IDENTIFIER = pb.maps;
				PRODUCT_NAME = "$(TARGET_NAME)";
				SWIFT_EMIT_LOC_STRINGS = YES;
				SWIFT_VERSION = 5.0;
				TARGETED_DEVICE_FAMILY = "1,2";
			};
			name = Release;
		};
		DAEDAE5829CDBFC600660232 /* Debug */ = {
			isa = XCBuildConfiguration;
			buildSettings = {
				ALWAYS_EMBED_SWIFT_STANDARD_LIBRARIES = YES;
				BUNDLE_LOADER = "$(TEST_HOST)";
				CODE_SIGN_STYLE = Automatic;
				CURRENT_PROJECT_VERSION = 1;
				DEVELOPMENT_TEAM = CPYJ26A84U;
				GENERATE_INFOPLIST_FILE = YES;
				IPHONEOS_DEPLOYMENT_TARGET = 16.2;
				MARKETING_VERSION = 1.0;
				PRODUCT_BUNDLE_IDENTIFIER = pb.mapsTests;
				PRODUCT_NAME = "$(TARGET_NAME)";
				SWIFT_EMIT_LOC_STRINGS = NO;
				SWIFT_VERSION = 5.0;
				TARGETED_DEVICE_FAMILY = "1,2";
				TEST_HOST = "$(BUILT_PRODUCTS_DIR)/maps.app/$(BUNDLE_EXECUTABLE_FOLDER_PATH)/maps";
			};
			name = Debug;
		};
		DAEDAE5929CDBFC600660232 /* Release */ = {
			isa = XCBuildConfiguration;
			buildSettings = {
				ALWAYS_EMBED_SWIFT_STANDARD_LIBRARIES = YES;
				BUNDLE_LOADER = "$(TEST_HOST)";
				CODE_SIGN_STYLE = Automatic;
				CURRENT_PROJECT_VERSION = 1;
				DEVELOPMENT_TEAM = CPYJ26A84U;
				GENERATE_INFOPLIST_FILE = YES;
				IPHONEOS_DEPLOYMENT_TARGET = 16.2;
				MARKETING_VERSION = 1.0;
				PRODUCT_BUNDLE_IDENTIFIER = pb.mapsTests;
				PRODUCT_NAME = "$(TARGET_NAME)";
				SWIFT_EMIT_LOC_STRINGS = NO;
				SWIFT_VERSION = 5.0;
				TARGETED_DEVICE_FAMILY = "1,2";
				TEST_HOST = "$(BUILT_PRODUCTS_DIR)/maps.app/$(BUNDLE_EXECUTABLE_FOLDER_PATH)/maps";
			};
			name = Release;
		};
		DAEDAE5B29CDBFC600660232 /* Debug */ = {
			isa = XCBuildConfiguration;
			buildSettings = {
				ALWAYS_EMBED_SWIFT_STANDARD_LIBRARIES = YES;
				CODE_SIGN_STYLE = Automatic;
				CURRENT_PROJECT_VERSION = 1;
				DEVELOPMENT_TEAM = CPYJ26A84U;
				GENERATE_INFOPLIST_FILE = YES;
				MARKETING_VERSION = 1.0;
				PRODUCT_BUNDLE_IDENTIFIER = pb.mapsUITests;
				PRODUCT_NAME = "$(TARGET_NAME)";
				SWIFT_EMIT_LOC_STRINGS = NO;
				SWIFT_VERSION = 5.0;
				TARGETED_DEVICE_FAMILY = "1,2";
				TEST_TARGET_NAME = maps;
			};
			name = Debug;
		};
		DAEDAE5C29CDBFC600660232 /* Release */ = {
			isa = XCBuildConfiguration;
			buildSettings = {
				ALWAYS_EMBED_SWIFT_STANDARD_LIBRARIES = YES;
				CODE_SIGN_STYLE = Automatic;
				CURRENT_PROJECT_VERSION = 1;
				DEVELOPMENT_TEAM = CPYJ26A84U;
				GENERATE_INFOPLIST_FILE = YES;
				MARKETING_VERSION = 1.0;
				PRODUCT_BUNDLE_IDENTIFIER = pb.mapsUITests;
				PRODUCT_NAME = "$(TARGET_NAME)";
				SWIFT_EMIT_LOC_STRINGS = NO;
				SWIFT_VERSION = 5.0;
				TARGETED_DEVICE_FAMILY = "1,2";
				TEST_TARGET_NAME = maps;
			};
			name = Release;
		};
/* End XCBuildConfiguration section */

/* Begin XCConfigurationList section */
		DAEDAE2529CDBFC300660232 /* Build configuration list for PBXProject "maps" */ = {
			isa = XCConfigurationList;
			buildConfigurations = (
				DAEDAE5229CDBFC600660232 /* Debug */,
				DAEDAE5329CDBFC600660232 /* Release */,
			);
			defaultConfigurationIsVisible = 0;
			defaultConfigurationName = Release;
		};
		DAEDAE5429CDBFC600660232 /* Build configuration list for PBXNativeTarget "maps" */ = {
			isa = XCConfigurationList;
			buildConfigurations = (
				DAEDAE5529CDBFC600660232 /* Debug */,
				DAEDAE5629CDBFC600660232 /* Release */,
			);
			defaultConfigurationIsVisible = 0;
			defaultConfigurationName = Release;
		};
		DAEDAE5729CDBFC600660232 /* Build configuration list for PBXNativeTarget "mapsTests" */ = {
			isa = XCConfigurationList;
			buildConfigurations = (
				DAEDAE5829CDBFC600660232 /* Debug */,
				DAEDAE5929CDBFC600660232 /* Release */,
			);
			defaultConfigurationIsVisible = 0;
			defaultConfigurationName = Release;
		};
		DAEDAE5A29CDBFC600660232 /* Build configuration list for PBXNativeTarget "mapsUITests" */ = {
			isa = XCConfigurationList;
			buildConfigurations = (
				DAEDAE5B29CDBFC600660232 /* Debug */,
				DAEDAE5C29CDBFC600660232 /* Release */,
			);
			defaultConfigurationIsVisible = 0;
			defaultConfigurationName = Release;
		};
/* End XCConfigurationList section */
	};
	rootObject = DAEDAE2229CDBFC300660232 /* Project object */;
}
